
Microsoft Visual Studio Solution File, Format Version 12.00
# Visual Studio 14
VisualStudioVersion = 14.0.22823.1
MinimumVisualStudioVersion = 10.0.40219.1
Project("{FAE04EC0-301F-11D3-BF4B-00C04F79EFBC}") = "FantasyBot", "FantasyBot\FantasyBot.csproj", "{77C4439A-7978-4A98-8DD6-C7EFB7D98CD9}"
EndProject
Project("{FAE04EC0-301F-11D3-BF4B-00C04F79EFBC}") = "FantasyBot.Context", "FantasyBot.Context\FantasyBot.Context.csproj", "{05DDC604-4620-43A3-9176-FBF8E73A2F44}"
EndProject
Project("{FAE04EC0-301F-11D3-BF4B-00C04F79EFBC}") = "FantasyBot.UnitTest", "FantasyBot.UnitTest\FantasyBot.UnitTest.csproj", "{EB96BF44-0DBC-4F78-9A05-7F048EF47567}"
EndProject
Global
	GlobalSection(SolutionConfigurationPlatforms) = preSolution
		Debug|Any CPU = Debug|Any CPU
		Release|Any CPU = Release|Any CPU
	EndGlobalSection
	GlobalSection(ProjectConfigurationPlatforms) = postSolution
		{77C4439A-7978-4A98-8DD6-C7EFB7D98CD9}.Debug|Any CPU.ActiveCfg = Debug|Any CPU
		{77C4439A-7978-4A98-8DD6-C7EFB7D98CD9}.Debug|Any CPU.Build.0 = Debug|Any CPU
		{77C4439A-7978-4A98-8DD6-C7EFB7D98CD9}.Release|Any CPU.ActiveCfg = Release|Any CPU
		{77C4439A-7978-4A98-8DD6-C7EFB7D98CD9}.Release|Any CPU.Build.0 = Release|Any CPU
		{05DDC604-4620-43A3-9176-FBF8E73A2F44}.Debug|Any CPU.ActiveCfg = Debug|Any CPU
		{05DDC604-4620-43A3-9176-FBF8E73A2F44}.Debug|Any CPU.Build.0 = Debug|Any CPU
		{05DDC604-4620-43A3-9176-FBF8E73A2F44}.Release|Any CPU.ActiveCfg = Release|Any CPU
		{05DDC604-4620-43A3-9176-FBF8E73A2F44}.Release|Any CPU.Build.0 = Release|Any CPU
		{EB96BF44-0DBC-4F78-9A05-7F048EF47567}.Debug|Any CPU.ActiveCfg = Debug|Any CPU
		{EB96BF44-0DBC-4F78-9A05-7F048EF47567}.Debug|Any CPU.Build.0 = Debug|Any CPU
		{EB96BF44-0DBC-4F78-9A05-7F048EF47567}.Release|Any CPU.ActiveCfg = Release|Any CPU
		{EB96BF44-0DBC-4F78-9A05-7F048EF47567}.Release|Any CPU.Build.0 = Release|Any CPU
	EndGlobalSection
	GlobalSection(SolutionProperties) = preSolution
		HideSolutionNode = FALSE
	EndGlobalSection
EndGlobal
